
Microsoft Visual Studio Solution File, Format Version 12.00
# Visual Studio 2012
Project("{FAE04EC0-301F-11D3-BF4B-00C04F79EFBC}") = "DBPasswordSaver", "DBPasswordSaver\DBPasswordSaver.csproj", "{B63B2F4C-F06B-4D04-ADF1-25C690015F2B}"
EndProject
Project("{FAE04EC0-301F-11D3-BF4B-00C04F79EFBC}") = "BusinessLayer", "BllUser\BusinessLayer.csproj", "{147885D5-8D9B-4205-B306-3AD9F2F3A0BB}"
EndProject
Global
	GlobalSection(SolutionConfigurationPlatforms) = preSolution
		Debug|Any CPU = Debug|Any CPU
		Release|Any CPU = Release|Any CPU
	EndGlobalSection
	GlobalSection(ProjectConfigurationPlatforms) = postSolution
		{B63B2F4C-F06B-4D04-ADF1-25C690015F2B}.Debug|Any CPU.ActiveCfg = Debug|Any CPU
		{B63B2F4C-F06B-4D04-ADF1-25C690015F2B}.Debug|Any CPU.Build.0 = Debug|Any CPU
		{B63B2F4C-F06B-4D04-ADF1-25C690015F2B}.Release|Any CPU.ActiveCfg = Release|Any CPU
		{B63B2F4C-F06B-4D04-ADF1-25C690015F2B}.Release|Any CPU.Build.0 = Release|Any CPU
		{147885D5-8D9B-4205-B306-3AD9F2F3A0BB}.Debug|Any CPU.ActiveCfg = Debug|Any CPU
		{147885D5-8D9B-4205-B306-3AD9F2F3A0BB}.Debug|Any CPU.Build.0 = Debug|Any CPU
		{147885D5-8D9B-4205-B306-3AD9F2F3A0BB}.Release|Any CPU.ActiveCfg = Release|Any CPU
		{147885D5-8D9B-4205-B306-3AD9F2F3A0BB}.Release|Any CPU.Build.0 = Release|Any CPU
	EndGlobalSection
	GlobalSection(SolutionProperties) = preSolution
		HideSolutionNode = FALSE
	EndGlobalSection
EndGlobal
